# This file was autogenerated by Stack.
# You should not edit this file by hand.
# For more information, please see the documentation at:
#   https://docs.haskellstack.org/en/stable/lock_files

packages:
- completed:
    subdir: freer-extras
    name: freer-extras
    version: 0.1.0.0
    git: https://github.com/input-output-hk/plutus.git
    pantry-tree:
      size: 595
      sha256: 3002ae0543cd33905ba6ee0e98918771b37ad7daa0492f84b39f0b848ac34c50
    commit: 03a95411238225db1d10288fbd3b405f5f53c78b
  original:
    subdir: freer-extras
    git: https://github.com/input-output-hk/plutus.git
    commit: 03a95411238225db1d10288fbd3b405f5f53c78b
- completed:
    subdir: playground-common
    name: playground-common
    version: 0.1.0.0
    git: https://github.com/input-output-hk/plutus.git
    pantry-tree:
      size: 1881
      sha256: c8dbeda3b8c7343e0d92e25e906f6d4daca394c64cdb241e455c5c2d86908987
    commit: 03a95411238225db1d10288fbd3b405f5f53c78b
  original:
    subdir: playground-common
    git: https://github.com/input-output-hk/plutus.git
    commit: 03a95411238225db1d10288fbd3b405f5f53c78b
- completed:
    subdir: plutus-core
    name: plutus-core
    version: 0.1.0.0
    git: https://github.com/input-output-hk/plutus.git
    pantry-tree:
      size: 81739
      sha256: da327673e27d5f89d23c64306f1a1fbfa8d01035ad05baeb57264b7730270e2d
    commit: 03a95411238225db1d10288fbd3b405f5f53c78b
  original:
    subdir: plutus-core
    git: https://github.com/input-output-hk/plutus.git
    commit: 03a95411238225db1d10288fbd3b405f5f53c78b
- completed:
    subdir: plutus-contract
    name: plutus-contract
    version: 0.1.0.0
    git: https://github.com/input-output-hk/plutus.git
    pantry-tree:
      size: 5937
      sha256: 7e14bbba6c39a54b2c9e348996c37f563ed1ad08e13c4ddf2e459f79c7d0fd09
    commit: 03a95411238225db1d10288fbd3b405f5f53c78b
  original:
    subdir: plutus-contract
    git: https://github.com/input-output-hk/plutus.git
    commit: 03a95411238225db1d10288fbd3b405f5f53c78b
- completed:
    subdir: plutus-ledger
    name: plutus-ledger
    version: 0.1.0.0
    git: https://github.com/input-output-hk/plutus.git
    pantry-tree:
      size: 1436
      sha256: 1e922007a6b58687de7cd39fa886e524bf5eddff8e70d955c747ef0b5a857d7d
    commit: 03a95411238225db1d10288fbd3b405f5f53c78b
  original:
    subdir: plutus-ledger
    git: https://github.com/input-output-hk/plutus.git
    commit: 03a95411238225db1d10288fbd3b405f5f53c78b
- completed:
    subdir: plutus-ledger-api
    name: plutus-ledger-api
    version: 0.1.0.0
    git: https://github.com/input-output-hk/plutus.git
    pantry-tree:
      size: 1361
      sha256: a2bed827b005481dd3b26f753222aa3dec80c8b777a1a366bd6a3148b29468bd
    commit: 03a95411238225db1d10288fbd3b405f5f53c78b
  original:
    subdir: plutus-ledger-api
    git: https://github.com/input-output-hk/plutus.git
    commit: 03a95411238225db1d10288fbd3b405f5f53c78b
- completed:
    subdir: plutus-tx
    name: plutus-tx
    version: 0.1.0.0
    git: https://github.com/input-output-hk/plutus.git
    pantry-tree:
      size: 2549
      sha256: 16b51b30821b95ab411e7bd046a047deb108b75b64bcb224365098b7ae1c5435
    commit: 03a95411238225db1d10288fbd3b405f5f53c78b
  original:
    subdir: plutus-tx
    git: https://github.com/input-output-hk/plutus.git
    commit: 03a95411238225db1d10288fbd3b405f5f53c78b
- completed:
    subdir: plutus-tx-plugin
    name: plutus-tx-plugin
    version: 0.1.0.0
    git: https://github.com/input-output-hk/plutus.git
    pantry-tree:
      size: 14630
      sha256: 1ed73db4748bcbd8d9ac54d83c8400bfeaac713034651b3f18bfdafef5fda16c
    commit: 03a95411238225db1d10288fbd3b405f5f53c78b
  original:
    subdir: plutus-tx-plugin
    git: https://github.com/input-output-hk/plutus.git
    commit: 03a95411238225db1d10288fbd3b405f5f53c78b
- completed:
    subdir: plutus-pab
    name: plutus-pab
    version: 0.1.0.0
    git: https://github.com/input-output-hk/plutus.git
    pantry-tree:
      size: 7689
      sha256: 234fa4d3e6160dfa28a6de23488141a977c9f81f03fc24235152b52b6985378c
    commit: 03a95411238225db1d10288fbd3b405f5f53c78b
  original:
    subdir: plutus-pab
    git: https://github.com/input-output-hk/plutus.git
    commit: 03a95411238225db1d10288fbd3b405f5f53c78b
- completed:
    subdir: plutus-use-cases
    name: plutus-use-cases
    version: 0.1.0.0
    git: https://github.com/input-output-hk/plutus.git
    pantry-tree:
      size: 4379
      sha256: f45013eabede906fd2328eef90aa5a93cd382b051f54c360fc17c67b84e9a2a0
    commit: 03a95411238225db1d10288fbd3b405f5f53c78b
  original:
    subdir: plutus-use-cases
    git: https://github.com/input-output-hk/plutus.git
    commit: 03a95411238225db1d10288fbd3b405f5f53c78b
- completed:
    subdir: prettyprinter-configurable
    name: prettyprinter-configurable
    version: 0.1.0.0
    git: https://github.com/input-output-hk/plutus.git
    pantry-tree:
      size: 1191
      sha256: 1ab5120aa1127c06a75cf3920af7ea0a69edd5d1828b7163f74984699b9626f9
    commit: 03a95411238225db1d10288fbd3b405f5f53c78b
  original:
    subdir: prettyprinter-configurable
    git: https://github.com/input-output-hk/plutus.git
    commit: 03a95411238225db1d10288fbd3b405f5f53c78b
- completed:
    subdir: quickcheck-dynamic
    name: quickcheck-dynamic
    version: 0.1.0.0
    git: https://github.com/input-output-hk/plutus.git
    pantry-tree:
      size: 820
      sha256: d5984e2cbf337cde91d8322f5c0c7242cd19d2cc34c4447ecd67b34f4d46ffa9
    commit: 03a95411238225db1d10288fbd3b405f5f53c78b
  original:
    subdir: quickcheck-dynamic
    git: https://github.com/input-output-hk/plutus.git
    commit: 03a95411238225db1d10288fbd3b405f5f53c78b
- completed:
    name: servant-purescript
    version: 0.9.0.2
    git: https://github.com/shmish111/servant-purescript.git
    pantry-tree:
      size: 2583
      sha256: 8d734450f95952750ccfbcf59eb5eb37af0f477787a598726a78df882812d2ec
    commit: a76104490499aa72d40c2790d10e9383e0dbde63
  original:
    git: https://github.com/shmish111/servant-purescript.git
    commit: a76104490499aa72d40c2790d10e9383e0dbde63
- completed:
    name: cardano-crypto
    version: 1.1.0
    git: https://github.com/input-output-hk/cardano-crypto.git
    pantry-tree:
      size: 5300
      sha256: e47672988b56ef3c3bae513ab3cc1a50d492c75f598fcfb234d1db37bbacbada
    commit: f73079303f663e028288f9f4a9e08bcca39a923e
  original:
    git: https://github.com/input-output-hk/cardano-crypto.git
    commit: f73079303f663e028288f9f4a9e08bcca39a923e
- completed:
    subdir: cardano-prelude
    name: cardano-prelude
    version: 0.1.0.0
    git: https://github.com/input-output-hk/cardano-prelude
    pantry-tree:
      size: 1654
      sha256: 4104e66a34e8b8efa0794c38ed12a1c2c42fd0c8674b2e23bfd35f69b0940566
    commit: ee4e7b547a991876e6b05ba542f4e62909f4a571
  original:
    subdir: cardano-prelude
    git: https://github.com/input-output-hk/cardano-prelude
    commit: ee4e7b547a991876e6b05ba542f4e62909f4a571
- completed:
    subdir: cardano-prelude-test
    name: cardano-prelude-test
    version: 0.1.0.0
    git: https://github.com/input-output-hk/cardano-prelude
    pantry-tree:
      size: 1130
      sha256: 5738518f918a2c7da4ee6ed6c7ffc68a9f99075dfc6fd8b2c2faf82da1046900
    commit: ee4e7b547a991876e6b05ba542f4e62909f4a571
  original:
    subdir: cardano-prelude-test
    git: https://github.com/input-output-hk/cardano-prelude
    commit: ee4e7b547a991876e6b05ba542f4e62909f4a571
- completed:
    subdir: typed-protocols
    name: typed-protocols
    version: 0.1.0.0
    git: https://github.com/input-output-hk/ouroboros-network
    pantry-tree:
      size: 536
      sha256: 34c500ed366101448d398b5f60d4e9b74393e1bf05ef7b05a32cfc5a7f1c779c
    commit: 6cb9052bde39472a0555d19ade8a42da63d3e904
  original:
    subdir: typed-protocols
    git: https://github.com/input-output-hk/ouroboros-network
    commit: 6cb9052bde39472a0555d19ade8a42da63d3e904
- completed:
    subdir: typed-protocols-examples
    name: typed-protocols-examples
    version: 0.1.0.0
    git: https://github.com/input-output-hk/ouroboros-network
    pantry-tree:
      size: 1469
      sha256: 99a868ebf13948ea3f7ba97748bed647f1e5527b46e0e4016769c364775aec9b
    commit: 6cb9052bde39472a0555d19ade8a42da63d3e904
  original:
    subdir: typed-protocols-examples
    git: https://github.com/input-output-hk/ouroboros-network
    commit: 6cb9052bde39472a0555d19ade8a42da63d3e904
- completed:
    subdir: ouroboros-network
    name: ouroboros-network
    version: 0.1.0.0
    git: https://github.com/input-output-hk/ouroboros-network
    pantry-tree:
      size: 11450
      sha256: 7f578d18d04a28e2ee4f560a60b3d8ae8efebd93f9f6f8d8b4316b2e3250fc9c
    commit: 6cb9052bde39472a0555d19ade8a42da63d3e904
  original:
    subdir: ouroboros-network
    git: https://github.com/input-output-hk/ouroboros-network
    commit: 6cb9052bde39472a0555d19ade8a42da63d3e904
- completed:
    subdir: ouroboros-network-testing
    name: ouroboros-network-testing
    version: 0.1.0.0
    git: https://github.com/input-output-hk/ouroboros-network
    pantry-tree:
      size: 386
      sha256: a461180addb04b9ed3143b08de187905330d2690d5e7165765fa8dcf9ba059b7
    commit: 6cb9052bde39472a0555d19ade8a42da63d3e904
  original:
    subdir: ouroboros-network-testing
    git: https://github.com/input-output-hk/ouroboros-network
    commit: 6cb9052bde39472a0555d19ade8a42da63d3e904
- completed:
    subdir: ouroboros-network-framework
    name: ouroboros-network-framework
    version: 0.1.0.0
    git: https://github.com/input-output-hk/ouroboros-network
    pantry-tree:
      size: 3672
      sha256: bc7e78d79eda80976994b8fa0826c770d6a28718f1823b914b082970dd1bc4a1
    commit: 6cb9052bde39472a0555d19ade8a42da63d3e904
  original:
    subdir: ouroboros-network-framework
    git: https://github.com/input-output-hk/ouroboros-network
    commit: 6cb9052bde39472a0555d19ade8a42da63d3e904
- completed:
    subdir: io-sim
    name: io-sim
    version: 0.2.0.0
    git: https://github.com/input-output-hk/ouroboros-network
    pantry-tree:
      size: 565
      sha256: 54ea6c96cf648ad25cde7c8808980f7ae56166f271f3c60fbdbe8d183365dc79
    commit: 6cb9052bde39472a0555d19ade8a42da63d3e904
  original:
    subdir: io-sim
    git: https://github.com/input-output-hk/ouroboros-network
    commit: 6cb9052bde39472a0555d19ade8a42da63d3e904
- completed:
    subdir: io-sim-classes
    name: io-sim-classes
    version: 0.2.0.0
    git: https://github.com/input-output-hk/ouroboros-network
    pantry-tree:
      size: 1155
      sha256: 7eeace159b8b4dcc8b5de1ba6a36854813d378730bfd33eeab9728ade8466986
    commit: 6cb9052bde39472a0555d19ade8a42da63d3e904
  original:
    subdir: io-sim-classes
    git: https://github.com/input-output-hk/ouroboros-network
    commit: 6cb9052bde39472a0555d19ade8a42da63d3e904
- completed:
    subdir: network-mux
    name: network-mux
    version: 0.1.0.0
    git: https://github.com/input-output-hk/ouroboros-network
    pantry-tree:
      size: 2001
      sha256: 460cf84a260f5b0e1fb903548a207a9acbd1c90b79aca2ca817eb40bb26b4a8c
    commit: 6cb9052bde39472a0555d19ade8a42da63d3e904
  original:
    subdir: network-mux
    git: https://github.com/input-output-hk/ouroboros-network
    commit: 6cb9052bde39472a0555d19ade8a42da63d3e904
- completed:
    subdir: Win32-network
    name: Win32-network
    version: 0.1.0.0
    git: https://github.com/input-output-hk/ouroboros-network
    pantry-tree:
      size: 1802
      sha256: ab10afa874c12ba891c44f00a34273d8eb607816e957af5cd4257d1797f415b2
    commit: 6cb9052bde39472a0555d19ade8a42da63d3e904
  original:
    subdir: Win32-network
    git: https://github.com/input-output-hk/ouroboros-network
    commit: 6cb9052bde39472a0555d19ade8a42da63d3e904
- completed:
    subdir: binary
    name: cardano-binary
    version: 1.5.0
    git: https://github.com/input-output-hk/cardano-base
    pantry-tree:
      size: 1884
      sha256: dea1758ab230f70b17303e2f3730a580e233caa35dfdfb4d4403d76e2a05b1e6
    commit: 4251c0bb6e4f443f00231d28f5f70d42876da055
  original:
    subdir: binary
    git: https://github.com/input-output-hk/cardano-base
    commit: 4251c0bb6e4f443f00231d28f5f70d42876da055
- completed:
    subdir: binary/test
    name: cardano-binary-test
    version: 1.3.0
    git: https://github.com/input-output-hk/cardano-base
    pantry-tree:
      size: 1007
      sha256: 23279a84d80a58a3ba8be7f49b1c8ebb8463a095a2a470db3ec1806f87a73db1
    commit: 4251c0bb6e4f443f00231d28f5f70d42876da055
  original:
    subdir: binary/test
    git: https://github.com/input-output-hk/cardano-base
    commit: 4251c0bb6e4f443f00231d28f5f70d42876da055
- completed:
    subdir: slotting
    name: cardano-slotting
    version: 0.1.0.0
    git: https://github.com/input-output-hk/cardano-base
    pantry-tree:
      size: 572
      sha256: d98cc993d23bf26f406ec72d1de957fa07a3fc1644400a0a659ffb9dee1592e6
    commit: 4251c0bb6e4f443f00231d28f5f70d42876da055
  original:
    subdir: slotting
    git: https://github.com/input-output-hk/cardano-base
    commit: 4251c0bb6e4f443f00231d28f5f70d42876da055
- completed:
    subdir: cardano-crypto-class
    name: cardano-crypto-class
    version: 2.0.0
    git: https://github.com/input-output-hk/cardano-base
    pantry-tree:
      size: 3360
      sha256: 88eef9243284d02649ae03120310c074c8efc71e1704aab0db38cb21369e76ab
    commit: 4251c0bb6e4f443f00231d28f5f70d42876da055
  original:
    subdir: cardano-crypto-class
    git: https://github.com/input-output-hk/cardano-base
    commit: 4251c0bb6e4f443f00231d28f5f70d42876da055
- completed:
    subdir: cardano-crypto-praos
    name: cardano-crypto-praos
    version: 2.0.0
    git: https://github.com/input-output-hk/cardano-base
    pantry-tree:
      size: 1886
      sha256: 3ee62b10ab4c0470dd6a6c86e0b4f0071fb5c37c0b8ed03dd3a30533ed3633a6
    commit: 4251c0bb6e4f443f00231d28f5f70d42876da055
  original:
    subdir: cardano-crypto-praos
    git: https://github.com/input-output-hk/cardano-base
    commit: 4251c0bb6e4f443f00231d28f5f70d42876da055
- completed:
    subdir: iohk-monitoring
    name: iohk-monitoring
    version: 0.1.10.1
    git: https://github.com/input-output-hk/iohk-monitoring-framework
    pantry-tree:
      size: 4944
      sha256: 695781d60886a9a223b2e7bd9a9ee303510b4f6e84149eb4fb054ec89ad7581f
    commit: a89c38ed5825ba17ca79fddb85651007753d699d
  original:
    subdir: iohk-monitoring
    git: https://github.com/input-output-hk/iohk-monitoring-framework
    commit: a89c38ed5825ba17ca79fddb85651007753d699d
- completed:
    subdir: tracer-transformers
    name: tracer-transformers
    version: 0.1.0.1
    git: https://github.com/input-output-hk/iohk-monitoring-framework
    pantry-tree:
      size: 631
      sha256: b774352920631cfe54b8d947a063999a8327d259f95ed0e25671ad8ac90a02d0
    commit: a89c38ed5825ba17ca79fddb85651007753d699d
  original:
    subdir: tracer-transformers
    git: https://github.com/input-output-hk/iohk-monitoring-framework
    commit: a89c38ed5825ba17ca79fddb85651007753d699d
- completed:
    subdir: contra-tracer
    name: contra-tracer
    version: 0.1.0.0
    git: https://github.com/input-output-hk/iohk-monitoring-framework
    pantry-tree:
      size: 338
      sha256: 7902fbc68aba33d6f139d0815a6e71e704a62684bf2bddaca9959e569301f25d
    commit: a89c38ed5825ba17ca79fddb85651007753d699d
  original:
    subdir: contra-tracer
    git: https://github.com/input-output-hk/iohk-monitoring-framework
    commit: a89c38ed5825ba17ca79fddb85651007753d699d
- completed:
    subdir: plugins/backend-ekg
    name: lobemo-backend-ekg
    version: 0.1.0.1
    git: https://github.com/input-output-hk/iohk-monitoring-framework
    pantry-tree:
      size: 409
      sha256: 8b5708e3aa9b94d51e2f6186057117d9eb912a80968c597f55883c3adf0e7057
    commit: a89c38ed5825ba17ca79fddb85651007753d699d
  original:
    subdir: plugins/backend-ekg
    git: https://github.com/input-output-hk/iohk-monitoring-framework
    commit: a89c38ed5825ba17ca79fddb85651007753d699d
- completed:
    name: purescript-bridge
    version: 0.13.1.0
    git: https://github.com/shmish111/purescript-bridge.git
    pantry-tree:
      size: 1562
      sha256: 21ce2905f0748a68a8a51e8bd43d00337e3cdba65f26d914c16f7ddd47d91169
    commit: 6a92d7853ea514be8b70bab5e72077bf5a510596
  original:
    git: https://github.com/shmish111/purescript-bridge.git
    commit: 6a92d7853ea514be8b70bab5e72077bf5a510596
- completed:
    hackage: Stream-0.4.7.2@sha256:ed78165aa34c4e23dc53c9072f8715d414a585037f2145ea0eb2b38300354c53,1009
    pantry-tree:
      size: 207
      sha256: 009fe33c4779bd1705a26f9b036f0996e9fc85df06418aec3dda967554e6ef83
  original:
    hackage: Stream-0.4.7.2
- completed:
    hackage: async-timer-0.2.0.0@sha256:e1504aa0fb5932cb07498ec548180aba9e03a3e7f5d2c810bf3dce75fbdd34d6,2048
    pantry-tree:
      size: 420
      sha256: f6e0f4929cf25a1b6e732cbc9c7a8902e922d8c989c3cf9e0623052847857c94
  original:
    hackage: async-timer-0.2.0.0
- completed:
    hackage: base16-bytestring-1.0.1.0@sha256:33b9d57afa334d06485033e930c6b13fc760baf88fd8f715ae2f9a4b46e19a54,2641
    pantry-tree:
      size: 595
      sha256: 24661ef9b1089d468227300f8ceb89194b5cce68b9f6ed8109b01f63c07f54e3
  original:
    hackage: base16-bytestring-1.0.1.0
- completed:
    hackage: canonical-json-0.6.0.0@sha256:9021f435ccb884a3b4c55bcc6b50eb19d5fc3cc3f29d5fcbdef016f5bbae23a2,3488
    pantry-tree:
      size: 646
      sha256: 18e3afbd09480a247cd39355929d638e0888ccd2c3873cb79c5a5bc2231fae4f
  original:
    hackage: canonical-json-0.6.0.0
- completed:
    hackage: composition-prelude-3.0.0.2@sha256:1ffed216bd28d810fce0b5be83a661e2a892696d73b3f8de5c0f5edb9b5f0090,1216
    pantry-tree:
      size: 284
      sha256: 94fc1c55e9065ae575315ac52a552d0e03beaefef4669a58a9745c6d71b4dd6b
  original:
    hackage: composition-prelude-3.0.0.2
- completed:
    hackage: dependent-map-0.4.0.0@sha256:ca2b131046f4340a1c35d138c5a003fe4a5be96b14efc26291ed35fd08c62221,1657
    pantry-tree:
      size: 551
      sha256: 5defa30010904d2ad05a036f3eaf83793506717c93cbeb599f40db1a3632cfc5
  original:
    hackage: dependent-map-0.4.0.0
- completed:
    hackage: dependent-sum-0.6.2.0@sha256:bff37c85b38e768b942f9d81c2465b63a96076f1ba006e35612aa357770807b6,1856
    pantry-tree:
      size: 474
      sha256: ad3fbed5104f9ee9c8082c9dcc8ade847674e3053572533e8d26ad1a866f1107
  original:
    hackage: dependent-sum-0.6.2.0
- completed:
    hackage: dependent-sum-template-0.1.0.3@sha256:0bbbacdfbd3abf2a15aaf0cf2c27e5bdd159b519441fec39e1e6f2f54424adde,1682
    pantry-tree:
      size: 436
      sha256: 32eeadeb991a290a1da41ce7e995dee7d38ebba3bd3e53ea8074c32c086701fd
  original:
    hackage: dependent-sum-template-0.1.0.3
- completed:
    hackage: dns-3.0.4@sha256:b9c99f4268c9a8df0060cc33c62442fefeed03f3f5ce5387b884a7906a764a96,3335
    pantry-tree:
      size: 1654
      sha256: 1a32e9aea56a0988eae9180f37a009fbe73315f2743bcaec6d62c1df0d84a48d
  original:
    hackage: dns-3.0.4
- completed:
    hackage: eventful-memory-0.2.0@sha256:0b34971fa4c1c158fe3261b87e097c5eb084ae88a0f9ef1e65af5a9a99cbaeba,1575
    pantry-tree:
      size: 713
      sha256: f67244c135d9a373cc1925308953bc969215ed74ba845c684848061b517f745d
  original:
    hackage: eventful-memory-0.2.0
- completed:
    hackage: eventful-sql-common-0.2.0@sha256:21e1b6dbc648b1c93720e7e557be5460177cbf4aa7e3caa7d49f80412ec058f0,1154
    pantry-tree:
      size: 494
      sha256: 8ef8ae99d547442f0fdca363b93249ab97f863f68a9c31008fa7c04731ff3d22
  original:
    hackage: eventful-sql-common-0.2.0
- completed:
    hackage: eventful-sqlite-0.2.0@sha256:efde984178e436bb387e81ae25be5ff652555bf04b0e5eb65bd654dffd8bf59b,1507
    pantry-tree:
      size: 410
      sha256: 658209832378e283b4529afe2f92b3ec9dc301fa0e2763cedb652d6bcc2b9774
  original:
    hackage: eventful-sqlite-0.2.0
- completed:
    hackage: lazy-search-0.1.2.1@sha256:c942a01e4a64881f89c72eaef5e3a78eba8750759cd66996c6746a2a7cabe703,1199
    pantry-tree:
      size: 279
      sha256: 824505340a62d82742882c1fa57a0532e0ae3c69cbb7947fe758ce47b93af2dd
  original:
    hackage: lazy-search-0.1.2.1
- completed:
    hackage: monoidal-containers-0.6.0.1@sha256:f56ea8fe91ff93da140e38b8dab4b94437b901818c13ba72fc7fc802290323ee,2583
    pantry-tree:
      size: 569
      sha256: 3a43dbbb1839521aae37a2baa3fb3ad0cc61a0a8fc4e3aec1f7dda15b92a0279
  original:
    hackage: monoidal-containers-0.6.0.1
- completed:
    hackage: network-3.1.2.1@sha256:188d6daea8cd91bc3553efd5a90a1e7c6d0425fa66a53baa74db5b6d9fd75c8b,4968
    pantry-tree:
      size: 3971
      sha256: b4130e25e85c786b91b8ad6137d8a7079859e4d7a9effa1fd4d3785a55b4a9cc
  original:
    hackage: network-3.1.2.1
- completed:
    hackage: nothunks-0.1.2@sha256:dff801c9f08ed2fcfb24e029b96a235b89f98623bb2b4df43f8b3b50b30706a3,2316
    pantry-tree:
      size: 342
      sha256: 54331222541e53ef6f9d2596fa4e2e648d0e26e17db6351f1118f1f3fe66b70e
  original:
    hackage: nothunks-0.1.2
- completed:
    hackage: recursion-schemes-5.1.3@sha256:cbcf3c36e1733a83fb8cda305bde2de18a2fbab53692e3301263964def430107,3523
    pantry-tree:
      size: 719
      sha256: 617f5740281ab044b0205b5a2810bfa8efc6b858705fe8caff5438a382bcfd96
  original:
    hackage: recursion-schemes-5.1.3
- completed:
    hackage: servant-subscriber-0.7.0.0@sha256:e54a3ca6d52227025081bbc470a3af35efecbe0f82050d06aa5c9bbdf05795a6,2635
    pantry-tree:
      size: 859
      sha256: 8f0a4cf5c7c340c347c6b9117c809c9dbf7c15a4c94d80d1f07bd2e3f47308c9
  original:
    hackage: servant-subscriber-0.7.0.0
- completed:
    hackage: servant-websockets-2.0.0@sha256:6e9e3600bced90fd52ed3d1bf632205cb21479075b20d6637153cc4567000234,2253
    pantry-tree:
      size: 523
      sha256: 085c6620bff7671bef1d969652a349271c3703fbf10dd753cb63ee1cd700bca5
  original:
    hackage: servant-websockets-2.0.0
- completed:
    hackage: size-based-0.1.2.0@sha256:1b33da89d270189661dbbda49a88b0c21d2fc2f7a407e7a2b1933e2faf0f5d4d,1258
    pantry-tree:
      size: 480
      sha256: 2c8a16986903aecfc14ada381ff9f369e218feaf5dc90e934e93ecbf83905b1a
  original:
    hackage: size-based-0.1.2.0
- completed:
    hackage: statistics-linreg-0.3@sha256:95c6efe6c7f6b26bc6e9ada90ab2d18216371cf59a6ef2b517b4a6fd35d9a76f,2544
    pantry-tree:
      size: 233
      sha256: 8d1978a6497e4fd9c66b0c5f24ea659aa9714f5b7e8b1dcfce7fb7bb8d4dee0e
  original:
    hackage: statistics-linreg-0.3
- completed:
    hackage: time-out-0.2@sha256:b9a6b4dee64f030ecb2a25dca0faff39b3cb3b5fefbb8af3cdec4142bfd291f2,3010
    pantry-tree:
      size: 923
      sha256: dcedaba4d5a1dcfbef65ede20f25b1465ca5d211178fbff5ed6cd8cf75bed1cf
  original:
    hackage: time-out-0.2
- completed:
    hackage: witherable-0.4.1@sha256:5b4840efe20d16cab6b13fa2f39ed383703cccbc246f5b710591069fcc6884c0,2249
    pantry-tree:
      size: 384
      sha256: 04dcdcc8bbb860ac0a5ead297f03b29a81a06e26d739fca99770388513bc0550
  original:
    hackage: witherable-0.4.1
- completed:
    hackage: constraints-extras-0.3.1.0@sha256:12016ebb91ad5ed2c82bf7e48c6bd6947d164d33c9dca5ac3965de1bb6c780c0,1777
    pantry-tree:
      size: 595
      sha256: 5fe01617233b7f66ba0e2aef95b218a19225a22e4193a8ed93999a3b7c43a4f3
  original:
    hackage: constraints-extras-0.3.1.0
- completed:
    hackage: indexed-traversable-instances-0.1@sha256:3aaf97040001bbe583e29c2b9c7d41660df265e6565a0d2ac09a3ed5b8bc21be,2874
    pantry-tree:
      size: 427
      sha256: d69630ba4b548b72eed15553586ce7b1e574cd8e4cc5b30d506ab3a697b26502
  original:
    hackage: indexed-traversable-instances-0.1
- completed:
    hackage: lazysmallcheck-0.6@sha256:dac7a1e4877681f1260309e863e896674dd6efc1159897b7945893e693f2a6bc,1696
    pantry-tree:
      size: 2008
      sha256: aea6b83dd91703fd130d98ecfed88b8f16841b22990c837c8fde89f9f6cca809
  original:
    hackage: lazysmallcheck-0.6
- completed:
    hackage: row-types-0.4.0.0@sha256:adf9dcf41e44e61c443a02cb9927740ea211e4cf60e68fb9d7b312da7bdd33be,3579
    pantry-tree:
      size: 777
      sha256: 505cd5e903b359f800f7fc14776df4e1d03c18c4ebfa1dfa657754c73365f0df
  original:
    hackage: row-types-0.4.0.0
- completed:
    hackage: time-interval-0.1.1@sha256:7bfd3601853d1af7caa18248ec10b01701d035ac274a93bb4670fea52a14d4e8,2567
    pantry-tree:
      size: 456
      sha256: 7e259a34960b881f67a47e677eb77906922661c1036c8a5c62bcfc394cc655b7
  original:
    hackage: time-interval-0.1.1
snapshots:
- completed:
    size: 567672
    url: https://raw.githubusercontent.com/commercialhaskell/stackage-snapshots/master/lts/17/11.yaml
    sha256: 03181cdbeb671eb605bbcf6f285bea4d094b6ac7433a0e14a9f1dd54ad995938
  original: lts-17.11
